
Microsoft Visual Studio Solution File, Format Version 12.00
# Visual Studio Version 17
VisualStudioVersion = 17.8.34330.188
MinimumVisualStudioVersion = 10.0.40219.1
Project("{9A19103F-16F7-4668-BE54-9A1E7A4F7556}") = "ListsCreate", "ListsCreate\ListsCreate.csproj", "{B4DC8423-B54A-43D2-8093-5706633E3F44}"
EndProject
Project("{9A19103F-16F7-4668-BE54-9A1E7A4F7556}") = "VyvejdaneNaSpisyk", "VyvejdaneNaSpisyk\VyvejdaneNaSpisyk.csproj", "{726BEF8C-C025-41DF-8A4A-E7BDA32B3DFF}"
EndProject
Project("{9A19103F-16F7-4668-BE54-9A1E7A4F7556}") = "zad 2", "zad 2\zad 2.csproj", "{08424592-A9AE-4A86-9D9A-4D21D4F3F52E}"
EndProject
Project("{9A19103F-16F7-4668-BE54-9A1E7A4F7556}") = "zad 3", "zad 3\zad 3.csproj", "{61CAA89D-A59F-4DE6-A347-D4216174719A}"
EndProject
Project("{9A19103F-16F7-4668-BE54-9A1E7A4F7556}") = "zad 4", "zad 4\zad 4.csproj", "{CCA3DD65-C5E2-4648-B6C1-4F6D1D07BCF5}"
EndProject
Project("{2150E333-8FDC-42A3-9474-1A3956D46DE8}") = "zadachu", "zadachu", "{A6C57A6C-59FF-43CA-BA8B-AE47BD856C5E}"
EndProject
Project("{FAE04EC0-301F-11D3-BF4B-00C04F79EFBC}") = "zad2,14", "zad2,14\zad2,14.csproj", "{6C02ACDD-1A7D-44AF-81CF-8FC0125ED99F}"
EndProject
Project("{FAE04EC0-301F-11D3-BF4B-00C04F79EFBC}") = "Zad3,14", "Zad3,14\Zad3,14.csproj", "{4AE8088D-F9A6-4D47-9BCF-7115FBF6314E}"
EndProject
Project("{FAE04EC0-301F-11D3-BF4B-00C04F79EFBC}") = "Zad4,14", "Zad4,14\Zad4,14.csproj", "{EB6C9F2E-C66B-4A3B-8E81-7C9546389A39}"
EndProject
Global
	GlobalSection(SolutionConfigurationPlatforms) = preSolution
		Debug|Any CPU = Debug|Any CPU
		Release|Any CPU = Release|Any CPU
	EndGlobalSection
	GlobalSection(ProjectConfigurationPlatforms) = postSolution
		{B4DC8423-B54A-43D2-8093-5706633E3F44}.Debug|Any CPU.ActiveCfg = Debug|Any CPU
		{B4DC8423-B54A-43D2-8093-5706633E3F44}.Debug|Any CPU.Build.0 = Debug|Any CPU
		{B4DC8423-B54A-43D2-8093-5706633E3F44}.Release|Any CPU.ActiveCfg = Release|Any CPU
		{B4DC8423-B54A-43D2-8093-5706633E3F44}.Release|Any CPU.Build.0 = Release|Any CPU
		{726BEF8C-C025-41DF-8A4A-E7BDA32B3DFF}.Debug|Any CPU.ActiveCfg = Debug|Any CPU
		{726BEF8C-C025-41DF-8A4A-E7BDA32B3DFF}.Debug|Any CPU.Build.0 = Debug|Any CPU
		{726BEF8C-C025-41DF-8A4A-E7BDA32B3DFF}.Release|Any CPU.ActiveCfg = Release|Any CPU
		{726BEF8C-C025-41DF-8A4A-E7BDA32B3DFF}.Release|Any CPU.Build.0 = Release|Any CPU
		{08424592-A9AE-4A86-9D9A-4D21D4F3F52E}.Debug|Any CPU.ActiveCfg = Debug|Any CPU
		{08424592-A9AE-4A86-9D9A-4D21D4F3F52E}.Debug|Any CPU.Build.0 = Debug|Any CPU
		{08424592-A9AE-4A86-9D9A-4D21D4F3F52E}.Release|Any CPU.ActiveCfg = Release|Any CPU
		{08424592-A9AE-4A86-9D9A-4D21D4F3F52E}.Release|Any CPU.Build.0 = Release|Any CPU
		{61CAA89D-A59F-4DE6-A347-D4216174719A}.Debug|Any CPU.ActiveCfg = Debug|Any CPU
		{61CAA89D-A59F-4DE6-A347-D4216174719A}.Debug|Any CPU.Build.0 = Debug|Any CPU
		{61CAA89D-A59F-4DE6-A347-D4216174719A}.Release|Any CPU.ActiveCfg = Release|Any CPU
		{61CAA89D-A59F-4DE6-A347-D4216174719A}.Release|Any CPU.Build.0 = Release|Any CPU
		{CCA3DD65-C5E2-4648-B6C1-4F6D1D07BCF5}.Debug|Any CPU.ActiveCfg = Debug|Any CPU
		{CCA3DD65-C5E2-4648-B6C1-4F6D1D07BCF5}.Debug|Any CPU.Build.0 = Debug|Any CPU
		{CCA3DD65-C5E2-4648-B6C1-4F6D1D07BCF5}.Release|Any CPU.ActiveCfg = Release|Any CPU
		{CCA3DD65-C5E2-4648-B6C1-4F6D1D07BCF5}.Release|Any CPU.Build.0 = Release|Any CPU
		{6C02ACDD-1A7D-44AF-81CF-8FC0125ED99F}.Debug|Any CPU.ActiveCfg = Debug|Any CPU
		{6C02ACDD-1A7D-44AF-81CF-8FC0125ED99F}.Debug|Any CPU.Build.0 = Debug|Any CPU
		{6C02ACDD-1A7D-44AF-81CF-8FC0125ED99F}.Release|Any CPU.ActiveCfg = Release|Any CPU
		{6C02ACDD-1A7D-44AF-81CF-8FC0125ED99F}.Release|Any CPU.Build.0 = Release|Any CPU
		{4AE8088D-F9A6-4D47-9BCF-7115FBF6314E}.Debug|Any CPU.ActiveCfg = Debug|Any CPU
		{4AE8088D-F9A6-4D47-9BCF-7115FBF6314E}.Debug|Any CPU.Build.0 = Debug|Any CPU
		{4AE8088D-F9A6-4D47-9BCF-7115FBF6314E}.Release|Any CPU.ActiveCfg = Release|Any CPU
		{4AE8088D-F9A6-4D47-9BCF-7115FBF6314E}.Release|Any CPU.Build.0 = Release|Any CPU
		{EB6C9F2E-C66B-4A3B-8E81-7C9546389A39}.Debug|Any CPU.ActiveCfg = Debug|Any CPU
		{EB6C9F2E-C66B-4A3B-8E81-7C9546389A39}.Debug|Any CPU.Build.0 = Debug|Any CPU
		{EB6C9F2E-C66B-4A3B-8E81-7C9546389A39}.Release|Any CPU.ActiveCfg = Release|Any CPU
		{EB6C9F2E-C66B-4A3B-8E81-7C9546389A39}.Release|Any CPU.Build.0 = Release|Any CPU
	EndGlobalSection
	GlobalSection(SolutionProperties) = preSolution
		HideSolutionNode = FALSE
	EndGlobalSection
	GlobalSection(NestedProjects) = preSolution
		{B4DC8423-B54A-43D2-8093-5706633E3F44} = {A6C57A6C-59FF-43CA-BA8B-AE47BD856C5E}
		{726BEF8C-C025-41DF-8A4A-E7BDA32B3DFF} = {A6C57A6C-59FF-43CA-BA8B-AE47BD856C5E}
		{08424592-A9AE-4A86-9D9A-4D21D4F3F52E} = {A6C57A6C-59FF-43CA-BA8B-AE47BD856C5E}
		{61CAA89D-A59F-4DE6-A347-D4216174719A} = {A6C57A6C-59FF-43CA-BA8B-AE47BD856C5E}
		{CCA3DD65-C5E2-4648-B6C1-4F6D1D07BCF5} = {A6C57A6C-59FF-43CA-BA8B-AE47BD856C5E}
		{6C02ACDD-1A7D-44AF-81CF-8FC0125ED99F} = {A6C57A6C-59FF-43CA-BA8B-AE47BD856C5E}
	EndGlobalSection
	GlobalSection(ExtensibilityGlobals) = postSolution
		SolutionGuid = {DD6C151B-46A5-4594-BD67-1F2A736EFC5E}
	EndGlobalSection
EndGlobal
